
Microsoft Visual Studio Solution File, Format Version 12.00
# Visual Studio 15
VisualStudioVersion = 15.0.28307.705
MinimumVisualStudioVersion = 10.0.40219.1
Project("{9A19103F-16F7-4668-BE54-9A1E7A4F7556}") = "AuctionHouse", "AuctionHouse\AuctionHouse.csproj", "{C91A9936-091F-47C9-A6EE-4811672D6661}"
EndProject
Project("{9A19103F-16F7-4668-BE54-9A1E7A4F7556}") = "AuctionHouseCore", "AuctionHouseCore\AuctionHouseCore.csproj", "{A3B0D025-4EB3-4B2A-BEDE-9701F9CE51EC}"
EndProject
Project("{FAE04EC0-301F-11D3-BF4B-00C04F79EFBC}") = "AuctionHouseTests", "AuctionHouseTests\AuctionHouseTests.csproj", "{50ED4A89-9076-43D3-83F1-9BE7AF5F6C02}"
EndProject
Global
	GlobalSection(SolutionConfigurationPlatforms) = preSolution
		Debug|Any CPU = Debug|Any CPU
		Release|Any CPU = Release|Any CPU
	EndGlobalSection
	GlobalSection(ProjectConfigurationPlatforms) = postSolution
		{C91A9936-091F-47C9-A6EE-4811672D6661}.Debug|Any CPU.ActiveCfg = Debug|Any CPU
		{C91A9936-091F-47C9-A6EE-4811672D6661}.Debug|Any CPU.Build.0 = Debug|Any CPU
		{C91A9936-091F-47C9-A6EE-4811672D6661}.Release|Any CPU.ActiveCfg = Release|Any CPU
		{C91A9936-091F-47C9-A6EE-4811672D6661}.Release|Any CPU.Build.0 = Release|Any CPU
		{A3B0D025-4EB3-4B2A-BEDE-9701F9CE51EC}.Debug|Any CPU.ActiveCfg = Debug|Any CPU
		{A3B0D025-4EB3-4B2A-BEDE-9701F9CE51EC}.Debug|Any CPU.Build.0 = Debug|Any CPU
		{A3B0D025-4EB3-4B2A-BEDE-9701F9CE51EC}.Release|Any CPU.ActiveCfg = Release|Any CPU
		{A3B0D025-4EB3-4B2A-BEDE-9701F9CE51EC}.Release|Any CPU.Build.0 = Release|Any CPU
		{50ED4A89-9076-43D3-83F1-9BE7AF5F6C02}.Debug|Any CPU.ActiveCfg = Debug|Any CPU
		{50ED4A89-9076-43D3-83F1-9BE7AF5F6C02}.Debug|Any CPU.Build.0 = Debug|Any CPU
		{50ED4A89-9076-43D3-83F1-9BE7AF5F6C02}.Release|Any CPU.ActiveCfg = Release|Any CPU
		{50ED4A89-9076-43D3-83F1-9BE7AF5F6C02}.Release|Any CPU.Build.0 = Release|Any CPU
	EndGlobalSection
	GlobalSection(SolutionProperties) = preSolution
		HideSolutionNode = FALSE
	EndGlobalSection
	GlobalSection(ExtensibilityGlobals) = postSolution
		SolutionGuid = {675A12E3-C771-4AB0-9DEB-9904C9E6289F}
	EndGlobalSection
EndGlobal
